// !$*UTF8*$!
{
	archiveVersion = 1;
	classes = {
	};
	objectVersion = 77;
	objects = {

/* Begin PBXContainerItemProxy section */
		2D12EF4A2F21710200C0EDF6 /* PBXContainerItemProxy */ = {
			isa = PBXContainerItemProxy;
			containerPortal = 2D962BF32F1ECBA9007A3EAB /* Project object */;
			proxyType = 1;
			remoteGlobalIDString = 2D962BFA2F1ECBA9007A3EAB;
			remoteInfo = "FlipperDevicesInc-MultiTransportConnectivityLayer-TestTask";
		};
/* End PBXContainerItemProxy section */

/* Begin PBXFileReference section */
		2D12EF462F21710200C0EDF6 /* FlipperDevicesInc-MultiTransportConnectivityLayer-TestTask-Tests.xctest */ = {isa = PBXFileReference; explicitFileType = wrapper.cfbundle; includeInIndex = 0; path = "FlipperDevicesInc-MultiTransportConnectivityLayer-TestTask-Tests.xctest"; sourceTree = BUILT_PRODUCTS_DIR; };
		2D962BFB2F1ECBA9007A3EAB /* FlipperDevicesInc-MultiTransportConnectivityLayer-TestTask.app */ = {isa = PBXFileReference; explicitFileType = wrapper.application; includeInIndex = 0; path = "FlipperDevicesInc-MultiTransportConnectivityLayer-TestTask.app"; sourceTree = BUILT_PRODUCTS_DIR; };
/* End PBXFileReference section */

/* Begin PBXFileSystemSynchronizedRootGroup section */
		2D12EF472F21710200C0EDF6 /* FlipperDevicesInc-MultiTransportConnectivityLayer-TestTask-Tests */ = {
			isa = PBXFileSystemSynchronizedRootGroup;
			path = "FlipperDevicesInc-MultiTransportConnectivityLayer-TestTask-Tests";
			sourceTree = "<group>";
		};
		2D962BFD2F1ECBA9007A3EAB /* FlipperDevicesInc-MultiTransportConnectivityLayer-TestTask */ = {
			isa = PBXFileSystemSynchronizedRootGroup;
			path = "FlipperDevicesInc-MultiTransportConnectivityLayer-TestTask";
			sourceTree = "<group>";
		};
/* End PBXFileSystemSynchronizedRootGroup section */

/* Begin PBXFrameworksBuildPhase section */
		2D12EF432F21710200C0EDF6 /* Frameworks */ = {
			isa = PBXFrameworksBuildPhase;
			buildActionMask = 2147483647;
			files = (
			);
			runOnlyForDeploymentPostprocessing = 0;
		};
		2D962BF82F1ECBA9007A3EAB /* Frameworks */ = {
			isa = PBXFrameworksBuildPhase;
			buildActionMask = 2147483647;
			files = (
			);
			runOnlyForDeploymentPostprocessing = 0;
		};
/* End PBXFrameworksBuildPhase section */

/* Begin PBXGroup section */
		2D962BF22F1ECBA9007A3EAB = {
			isa = PBXGroup;
			children = (
				2D962BFD2F1ECBA9007A3EAB /* FlipperDevicesInc-MultiTransportConnectivityLayer-TestTask */,
				2D12EF472F21710200C0EDF6 /* FlipperDevicesInc-MultiTransportConnectivityLayer-TestTask-Tests */,
				2D962BFC2F1ECBA9007A3EAB /* Products */,
			);
			sourceTree = "<group>";
		};
		2D962BFC2F1ECBA9007A3EAB /* Products */ = {
			isa = PBXGroup;
			children = (
				2D962BFB2F1ECBA9007A3EAB /* FlipperDevicesInc-MultiTransportConnectivityLayer-TestTask.app */,
				2D12EF462F21710200C0EDF6 /* FlipperDevicesInc-MultiTransportConnectivityLayer-TestTask-Tests.xctest */,
			);
			name = Products;
			sourceTree = "<group>";
		};
/* End PBXGroup section */

/* Begin PBXNativeTarget section */
		2D12EF452F21710200C0EDF6 /* FlipperDevicesInc-MultiTransportConnectivityLayer-TestTask-Tests */ = {
			isa = PBXNativeTarget;
			buildConfigurationList = 2D12EF4C2F21710200C0EDF6 /* Build configuration list for PBXNativeTarget "FlipperDevicesInc-MultiTransportConnectivityLayer-TestTask-Tests" */;
			buildPhases = (
				2D12EF422F21710200C0EDF6 /* Sources */,
				2D12EF432F21710200C0EDF6 /* Frameworks */,
				2D12EF442F21710200C0EDF6 /* Resources */,
			);
			buildRules = (
			);
			dependencies = (
				2D12EF4B2F21710200C0EDF6 /* PBXTargetDependency */,
			);
			fileSystemSynchronizedGroups = (
				2D12EF472F21710200C0EDF6 /* FlipperDevicesInc-MultiTransportConnectivityLayer-TestTask-Tests */,
			);
			name = "FlipperDevicesInc-MultiTransportConnectivityLayer-TestTask-Tests";
			packageProductDependencies = (
			);
			productName = "FlipperDevicesInc-MultiTransportConnectivityLayer-TestTask-Tests";
			productReference = 2D12EF462F21710200C0EDF6 /* FlipperDevicesInc-MultiTransportConnectivityLayer-TestTask-Tests.xctest */;
			productType = "com.apple.product-type.bundle.unit-test";
		};
		2D962BFA2F1ECBA9007A3EAB /* FlipperDevicesInc-MultiTransportConnectivityLayer-TestTask */ = {
			isa = PBXNativeTarget;
			buildConfigurationList = 2D962C062F1ECBAA007A3EAB /* Build configuration list for PBXNativeTarget "FlipperDevicesInc-MultiTransportConnectivityLayer-TestTask" */;
			buildPhases = (
				2D9638032F1ECDF0007A3EAB /* swiftlint */,
				2D962BF72F1ECBA9007A3EAB /* Sources */,
				2D962BF82F1ECBA9007A3EAB /* Frameworks */,
				2D962BF92F1ECBA9007A3EAB /* Resources */,
			);
			buildRules = (
			);
			dependencies = (
			);
			fileSystemSynchronizedGroups = (
				2D962BFD2F1ECBA9007A3EAB /* FlipperDevicesInc-MultiTransportConnectivityLayer-TestTask */,
			);
			name = "FlipperDevicesInc-MultiTransportConnectivityLayer-TestTask";
			packageProductDependencies = (
			);
			productName = "FlipperDevicesInc-MultiTransportConnectivityLayer-TestTask";
			productReference = 2D962BFB2F1ECBA9007A3EAB /* FlipperDevicesInc-MultiTransportConnectivityLayer-TestTask.app */;
			productType = "com.apple.product-type.application";
		};
/* End PBXNativeTarget section */

/* Begin PBXProject section */
		2D962BF32F1ECBA9007A3EAB /* Project object */ = {
			isa = PBXProject;
			attributes = {
				BuildIndependentTargetsInParallel = 1;
				LastSwiftUpdateCheck = 1640;
				LastUpgradeCheck = 1640;
				TargetAttributes = {
					2D12EF452F21710200C0EDF6 = {
						CreatedOnToolsVersion = 16.4;
						TestTargetID = 2D962BFA2F1ECBA9007A3EAB;
					};
					2D962BFA2F1ECBA9007A3EAB = {
						CreatedOnToolsVersion = 16.4;
					};
				};
			};
			buildConfigurationList = 2D962BF62F1ECBA9007A3EAB /* Build configuration list for PBXProject "FlipperDevicesInc-MultiTransportConnectivityLayer-TestTask" */;
			developmentRegion = en;
			hasScannedForEncodings = 0;
			knownRegions = (
				en,
				Base,
			);
			mainGroup = 2D962BF22F1ECBA9007A3EAB;
			minimizedProjectReferenceProxies = 1;
			preferredProjectObjectVersion = 77;
			productRefGroup = 2D962BFC2F1ECBA9007A3EAB /* Products */;
			projectDirPath = "";
			projectRoot = "";
			targets = (
				2D962BFA2F1ECBA9007A3EAB /* FlipperDevicesInc-MultiTransportConnectivityLayer-TestTask */,
				2D12EF452F21710200C0EDF6 /* FlipperDevicesInc-MultiTransportConnectivityLayer-TestTask-Tests */,
			);
		};
/* End PBXProject section */

/* Begin PBXResourcesBuildPhase section */
		2D12EF442F21710200C0EDF6 /* Resources */ = {
			isa = PBXResourcesBuildPhase;
			buildActionMask = 2147483647;
			files = (
			);
			runOnlyForDeploymentPostprocessing = 0;
		};
		2D962BF92F1ECBA9007A3EAB /* Resources */ = {
			isa = PBXResourcesBuildPhase;
			buildActionMask = 2147483647;
			files = (
			);
			runOnlyForDeploymentPostprocessing = 0;
		};
/* End PBXResourcesBuildPhase section */

/* Begin PBXShellScriptBuildPhase section */
		2D9638032F1ECDF0007A3EAB /* swiftlint */ = {
			isa = PBXShellScriptBuildPhase;
			alwaysOutOfDate = 1;
			buildActionMask = 2147483647;
			files = (
			);
			inputFileListPaths = (
			);
			inputPaths = (
			);
			name = swiftlint;
			outputFileListPaths = (
			);
			outputPaths = (
			);
			runOnlyForDeploymentPostprocessing = 0;
			shellPath = /bin/sh;
			shellScript = "export PATH=\"$PATH:/opt/homebrew/bin\"\nif which swiftlint > /dev/null; then\n  swiftlint\nelse\n  echo \"warning: SwiftLint not installed, download from https://github.com/realm/SwiftLint\"\nfi\n";
			showEnvVarsInLog = 0;
		};
/* End PBXShellScriptBuildPhase section */

/* Begin PBXSourcesBuildPhase section */
		2D12EF422F21710200C0EDF6 /* Sources */ = {
			isa = PBXSourcesBuildPhase;
			buildActionMask = 2147483647;
			files = (
			);
			runOnlyForDeploymentPostprocessing = 0;
		};
		2D962BF72F1ECBA9007A3EAB /* Sources */ = {
			isa = PBXSourcesBuildPhase;
			buildActionMask = 2147483647;
			files = (
			);
			runOnlyForDeploymentPostprocessing = 0;
		};
/* End PBXSourcesBuildPhase section */

/* Begin PBXTargetDependency section */
		2D12EF4B2F21710200C0EDF6 /* PBXTargetDependency */ = {
			isa = PBXTargetDependency;
			target = 2D962BFA2F1ECBA9007A3EAB /* FlipperDevicesInc-MultiTransportConnectivityLayer-TestTask */;
			targetProxy = 2D12EF4A2F21710200C0EDF6 /* PBXContainerItemProxy */;
		};
/* End PBXTargetDependency section */

/* Begin XCBuildConfiguration section */
		2D12EF4D2F21710200C0EDF6 /* Debug */ = {
			isa = XCBuildConfiguration;
			buildSettings = {
				BUNDLE_LOADER = "$(TEST_HOST)";
				CODE_SIGN_STYLE = Automatic;
				CURRENT_PROJECT_VERSION = 1;
				DEVELOPMENT_TEAM = 397TGGAQ4J;
				ENABLE_USER_SCRIPT_SANDBOXING = YES;
				GENERATE_INFOPLIST_FILE = YES;
				MARKETING_VERSION = 1.0;
				PRODUCT_BUNDLE_IDENTIFIER = "FlipperDevicesInc.MultiTransportConnectivityLayer.TestTask.Tests.FlipperDevicesInc-MultiTransportConnectivityLayer-TestTask-Tests";
				PRODUCT_NAME = "$(TARGET_NAME)";
				SWIFT_EMIT_LOC_STRINGS = NO;
				TARGETED_DEVICE_FAMILY = "1,2";
				TEST_HOST = "$(BUILT_PRODUCTS_DIR)/FlipperDevicesInc-MultiTransportConnectivityLayer-TestTask.app/$(BUNDLE_EXECUTABLE_FOLDER_PATH)/FlipperDevicesInc-MultiTransportConnectivityLayer-TestTask";
			};
			name = Debug;
		};
		2D12EF4E2F21710200C0EDF6 /* Release */ = {
			isa = XCBuildConfiguration;
			buildSettings = {
				BUNDLE_LOADER = "$(TEST_HOST)";
				CODE_SIGN_STYLE = Automatic;
				CURRENT_PROJECT_VERSION = 1;
				DEVELOPMENT_TEAM = 397TGGAQ4J;
				ENABLE_USER_SCRIPT_SANDBOXING = YES;
				GENERATE_INFOPLIST_FILE = YES;
				MARKETING_VERSION = 1.0;
				PRODUCT_BUNDLE_IDENTIFIER = "FlipperDevicesInc.MultiTransportConnectivityLayer.TestTask.Tests.FlipperDevicesInc-MultiTransportConnectivityLayer-TestTask-Tests";
				PRODUCT_NAME = "$(TARGET_NAME)";
				SWIFT_EMIT_LOC_STRINGS = NO;
				TARGETED_DEVICE_FAMILY = "1,2";
				TEST_HOST = "$(BUILT_PRODUCTS_DIR)/FlipperDevicesInc-MultiTransportConnectivityLayer-TestTask.app/$(BUNDLE_EXECUTABLE_FOLDER_PATH)/FlipperDevicesInc-MultiTransportConnectivityLayer-TestTask";
			};
			name = Release;
		};
		2D962C042F1ECBAA007A3EAB /* Debug */ = {
			isa = XCBuildConfiguration;
			buildSettings = {
				ALWAYS_SEARCH_USER_PATHS = NO;
				ASSETCATALOG_COMPILER_GENERATE_SWIFT_ASSET_SYMBOL_EXTENSIONS = YES;
				CLANG_ANALYZER_NONNULL = YES;
				CLANG_ANALYZER_NUMBER_OBJECT_CONVERSION = YES_AGGRESSIVE;
				CLANG_CXX_LANGUAGE_STANDARD = "gnu++20";
				CLANG_ENABLE_MODULES = YES;
				CLANG_ENABLE_OBJC_ARC = YES;
				CLANG_ENABLE_OBJC_WEAK = YES;
				CLANG_WARN_BLOCK_CAPTURE_AUTORELEASING = YES;
				CLANG_WARN_BOOL_CONVERSION = YES;
				CLANG_WARN_COMMA = YES;
				CLANG_WARN_CONSTANT_CONVERSION = YES;
				CLANG_WARN_DEPRECATED_OBJC_IMPLEMENTATIONS = YES;
				CLANG_WARN_DIRECT_OBJC_ISA_USAGE = YES_ERROR;
				CLANG_WARN_DOCUMENTATION_COMMENTS = YES;
				CLANG_WARN_EMPTY_BODY = YES;
				CLANG_WARN_ENUM_CONVERSION = YES;
				CLANG_WARN_INFINITE_RECURSION = YES;
				CLANG_WARN_INT_CONVERSION = YES;
				CLANG_WARN_NON_LITERAL_NULL_CONVERSION = YES;
				CLANG_WARN_OBJC_IMPLICIT_RETAIN_SELF = YES;
				CLANG_WARN_OBJC_LITERAL_CONVERSION = YES;
				CLANG_WARN_OBJC_ROOT_CLASS = YES_ERROR;
				CLANG_WARN_QUOTED_INCLUDE_IN_FRAMEWORK_HEADER = YES;
				CLANG_WARN_RANGE_LOOP_ANALYSIS = YES;
				CLANG_WARN_STRICT_PROTOTYPES = YES;
				CLANG_WARN_SUSPICIOUS_MOVE = YES;
				CLANG_WARN_UNGUARDED_AVAILABILITY = YES_AGGRESSIVE;
				CLANG_WARN_UNREACHABLE_CODE = YES;
				CLANG_WARN__DUPLICATE_METHOD_MATCH = YES;
				COPY_PHASE_STRIP = NO;
				DEBUG_INFORMATION_FORMAT = dwarf;
				DEVELOPMENT_TEAM = 397TGGAQ4J;
				ENABLE_STRICT_OBJC_MSGSEND = YES;
				ENABLE_TESTABILITY = YES;
				ENABLE_USER_SCRIPT_SANDBOXING = NO;
				GCC_C_LANGUAGE_STANDARD = gnu17;
				GCC_DYNAMIC_NO_PIC = NO;
				GCC_NO_COMMON_BLOCKS = YES;
				GCC_OPTIMIZATION_LEVEL = 0;
				GCC_PREPROCESSOR_DEFINITIONS = (
					"DEBUG=1",
					"$(inherited)",
				);
				GCC_WARN_64_TO_32_BIT_CONVERSION = YES;
				GCC_WARN_ABOUT_RETURN_TYPE = YES_ERROR;
				GCC_WARN_UNDECLARED_SELECTOR = YES;
				GCC_WARN_UNINITIALIZED_AUTOS = YES_AGGRESSIVE;
				GCC_WARN_UNUSED_FUNCTION = YES;
				GCC_WARN_UNUSED_VARIABLE = YES;
				IPHONEOS_DEPLOYMENT_TARGET = 18.0;
				LOCALIZATION_PREFERS_STRING_CATALOGS = YES;
				MTL_ENABLE_DEBUG_INFO = INCLUDE_SOURCE;
				MTL_FAST_MATH = YES;
				ONLY_ACTIVE_ARCH = YES;
				SDKROOT = iphoneos;
				SWIFT_ACTIVE_COMPILATION_CONDITIONS = "DEBUG $(inherited)";
				SWIFT_OPTIMIZATION_LEVEL = "-Onone";
				SWIFT_VERSION = 6.0;
			};
			name = Debug;
		};
		2D962C052F1ECBAA007A3EAB /* Release */ = {
			isa = XCBuildConfiguration;
			buildSettings = {
				ALWAYS_SEARCH_USER_PATHS = NO;
				ASSETCATALOG_COMPILER_GENERATE_SWIFT_ASSET_SYMBOL_EXTENSIONS = YES;
				CLANG_ANALYZER_NONNULL = YES;
				CLANG_ANALYZER_NUMBER_OBJECT_CONVERSION = YES_AGGRESSIVE;
				CLANG_CXX_LANGUAGE_STANDARD = "gnu++20";
				CLANG_ENABLE_MODULES = YES;
				CLANG_ENABLE_OBJC_ARC = YES;
				CLANG_ENABLE_OBJC_WEAK = YES;
				CLANG_WARN_BLOCK_CAPTURE_AUTORELEASING = YES;
				CLANG_WARN_BOOL_CONVERSION = YES;
				CLANG_WARN_COMMA = YES;
				CLANG_WARN_CONSTANT_CONVERSION = YES;
				CLANG_WARN_DEPRECATED_OBJC_IMPLEMENTATIONS = YES;
				CLANG_WARN_DIRECT_OBJC_ISA_USAGE = YES_ERROR;
				CLANG_WARN_DOCUMENTATION_COMMENTS = YES;
				CLANG_WARN_EMPTY_BODY = YES;
				CLANG_WARN_ENUM_CONVERSION = YES;
				CLANG_WARN_INFINITE_RECURSION = YES;
				CLANG_WARN_INT_CONVERSION = YES;
				CLANG_WARN_NON_LITERAL_NULL_CONVERSION = YES;
				CLANG_WARN_OBJC_IMPLICIT_RETAIN_SELF = YES;
				CLANG_WARN_OBJC_LITERAL_CONVERSION = YES;
				CLANG_WARN_OBJC_ROOT_CLASS = YES_ERROR;
				CLANG_WARN_QUOTED_INCLUDE_IN_FRAMEWORK_HEADER = YES;
				CLANG_WARN_RANGE_LOOP_ANALYSIS = YES;
				CLANG_WARN_STRICT_PROTOTYPES = YES;
				CLANG_WARN_SUSPICIOUS_MOVE = YES;
				CLANG_WARN_UNGUARDED_AVAILABILITY = YES_AGGRESSIVE;
				CLANG_WARN_UNREACHABLE_CODE = YES;
				CLANG_WARN__DUPLICATE_METHOD_MATCH = YES;
				COPY_PHASE_STRIP = NO;
				DEBUG_INFORMATION_FORMAT = "dwarf-with-dsym";
				DEVELOPMENT_TEAM = 397TGGAQ4J;
				ENABLE_NS_ASSERTIONS = NO;
				ENABLE_STRICT_OBJC_MSGSEND = YES;
				ENABLE_USER_SCRIPT_SANDBOXING = NO;
				GCC_C_LANGUAGE_STANDARD = gnu17;
				GCC_NO_COMMON_BLOCKS = YES;
				GCC_WARN_64_TO_32_BIT_CONVERSION = YES;
				GCC_WARN_ABOUT_RETURN_TYPE = YES_ERROR;
				GCC_WARN_UNDECLARED_SELECTOR = YES;
				GCC_WARN_UNINITIALIZED_AUTOS = YES_AGGRESSIVE;
				GCC_WARN_UNUSED_FUNCTION = YES;
				GCC_WARN_UNUSED_VARIABLE = YES;
				IPHONEOS_DEPLOYMENT_TARGET = 18.0;
				LOCALIZATION_PREFERS_STRING_CATALOGS = YES;
				MTL_ENABLE_DEBUG_INFO = NO;
				MTL_FAST_MATH = YES;
				SDKROOT = iphoneos;
				SWIFT_COMPILATION_MODE = wholemodule;
				SWIFT_VERSION = 6.0;
				VALIDATE_PRODUCT = YES;
			};
			name = Release;
		};
		2D962C072F1ECBAA007A3EAB /* Debug */ = {
			isa = XCBuildConfiguration;
			buildSettings = {
				ASSETCATALOG_COMPILER_APPICON_NAME = AppIcon;
				ASSETCATALOG_COMPILER_GLOBAL_ACCENT_COLOR_NAME = AccentColor;
				CODE_SIGN_STYLE = Automatic;
				CURRENT_PROJECT_VERSION = 1;
				DEVELOPMENT_TEAM = 397TGGAQ4J;
				ENABLE_PREVIEWS = YES;
				GENERATE_INFOPLIST_FILE = YES;
				INFOPLIST_KEY_UIApplicationSceneManifest_Generation = YES;
				INFOPLIST_KEY_UIApplicationSupportsIndirectInputEvents = YES;
				INFOPLIST_KEY_UILaunchScreen_Generation = YES;
				INFOPLIST_KEY_UISupportedInterfaceOrientations_iPad = "UIInterfaceOrientationPortrait UIInterfaceOrientationPortraitUpsideDown UIInterfaceOrientationLandscapeLeft UIInterfaceOrientationLandscapeRight";
				INFOPLIST_KEY_UISupportedInterfaceOrientations_iPhone = "UIInterfaceOrientationPortrait UIInterfaceOrientationLandscapeLeft UIInterfaceOrientationLandscapeRight";
				LD_RUNPATH_SEARCH_PATHS = (
					"$(inherited)",
					"@executable_path/Frameworks",
				);
				MARKETING_VERSION = 1.0;
				PRODUCT_BUNDLE_IDENTIFIER = "FlipperDevicesInc.MultiTransportConnectivityLayer.TestTask.FlipperDevicesInc-MultiTransportConnectivityLayer-TestTask";
				PRODUCT_NAME = "$(TARGET_NAME)";
				SWIFT_EMIT_LOC_STRINGS = YES;
				TARGETED_DEVICE_FAMILY = "1,2";
			};
			name = Debug;
		};
		2D962C082F1ECBAA007A3EAB /* Release */ = {
			isa = XCBuildConfiguration;
			buildSettings = {
				ASSETCATALOG_COMPILER_APPICON_NAME = AppIcon;
				ASSETCATALOG_COMPILER_GLOBAL_ACCENT_COLOR_NAME = AccentColor;
				CODE_SIGN_STYLE = Automatic;
				CURRENT_PROJECT_VERSION = 1;
				DEVELOPMENT_TEAM = 397TGGAQ4J;
				ENABLE_PREVIEWS = YES;
				GENERATE_INFOPLIST_FILE = YES;
				INFOPLIST_KEY_UIApplicationSceneManifest_Generation = YES;
				INFOPLIST_KEY_UIApplicationSupportsIndirectInputEvents = YES;
				INFOPLIST_KEY_UILaunchScreen_Generation = YES;
				INFOPLIST_KEY_UISupportedInterfaceOrientations_iPad = "UIInterfaceOrientationPortrait UIInterfaceOrientationPortraitUpsideDown UIInterfaceOrientationLandscapeLeft UIInterfaceOrientationLandscapeRight";
				INFOPLIST_KEY_UISupportedInterfaceOrientations_iPhone = "UIInterfaceOrientationPortrait UIInterfaceOrientationLandscapeLeft UIInterfaceOrientationLandscapeRight";
				LD_RUNPATH_SEARCH_PATHS = (
					"$(inherited)",
					"@executable_path/Frameworks",
				);
				MARKETING_VERSION = 1.0;
				PRODUCT_BUNDLE_IDENTIFIER = "FlipperDevicesInc.MultiTransportConnectivityLayer.TestTask.FlipperDevicesInc-MultiTransportConnectivityLayer-TestTask";
				PRODUCT_NAME = "$(TARGET_NAME)";
				SWIFT_EMIT_LOC_STRINGS = YES;
				TARGETED_DEVICE_FAMILY = "1,2";
			};
			name = Release;
		};
/* End XCBuildConfiguration section */

/* Begin XCConfigurationList section */
		2D12EF4C2F21710200C0EDF6 /* Build configuration list for PBXNativeTarget "FlipperDevicesInc-MultiTransportConnectivityLayer-TestTask-Tests" */ = {
			isa = XCConfigurationList;
			buildConfigurations = (
				2D12EF4D2F21710200C0EDF6 /* Debug */,
				2D12EF4E2F21710200C0EDF6 /* Release */,
			);
			defaultConfigurationIsVisible = 0;
			defaultConfigurationName = Release;
		};
		2D962BF62F1ECBA9007A3EAB /* Build configuration list for PBXProject "FlipperDevicesInc-MultiTransportConnectivityLayer-TestTask" */ = {
			isa = XCConfigurationList;
			buildConfigurations = (
				2D962C042F1ECBAA007A3EAB /* Debug */,
				2D962C052F1ECBAA007A3EAB /* Release */,
			);
			defaultConfigurationIsVisible = 0;
			defaultConfigurationName = Release;
		};
		2D962C062F1ECBAA007A3EAB /* Build configuration list for PBXNativeTarget "FlipperDevicesInc-MultiTransportConnectivityLayer-TestTask" */ = {
			isa = XCConfigurationList;
			buildConfigurations = (
				2D962C072F1ECBAA007A3EAB /* Debug */,
				2D962C082F1ECBAA007A3EAB /* Release */,
			);
			defaultConfigurationIsVisible = 0;
			defaultConfigurationName = Release;
		};
/* End XCConfigurationList section */
	};
	rootObject = 2D962BF32F1ECBA9007A3EAB /* Project object */;
}
